
Microsoft Visual Studio Solution File, Format Version 12.00
# Visual Studio Version 17
VisualStudioVersion = 17.9.34902.65
MinimumVisualStudioVersion = 10.0.40219.1
Project("{FAE04EC0-301F-11D3-BF4B-00C04F79EFBC}") = "Bai4_kieuSoNguyenSoThuc", "Bai4_kieuSoNguyenSoThuc.csproj", "{8ABCE1C2-D52D-42A9-8D32-72B88076BE5A}"
EndProject
Global
	GlobalSection(SolutionConfigurationPlatforms) = preSolution
		Debug|Any CPU = Debug|Any CPU
		Release|Any CPU = Release|Any CPU
	EndGlobalSection
	GlobalSection(ProjectConfigurationPlatforms) = postSolution
		{8ABCE1C2-D52D-42A9-8D32-72B88076BE5A}.Debug|Any CPU.ActiveCfg = Debug|Any CPU
		{8ABCE1C2-D52D-42A9-8D32-72B88076BE5A}.Debug|Any CPU.Build.0 = Debug|Any CPU
		{8ABCE1C2-D52D-42A9-8D32-72B88076BE5A}.Release|Any CPU.ActiveCfg = Release|Any CPU
		{8ABCE1C2-D52D-42A9-8D32-72B88076BE5A}.Release|Any CPU.Build.0 = Release|Any CPU
	EndGlobalSection
	GlobalSection(SolutionProperties) = preSolution
		HideSolutionNode = FALSE
	EndGlobalSection
	GlobalSection(ExtensibilityGlobals) = postSolution
		SolutionGuid = {AB93D462-E522-466E-B4D2-918E8C52B143}
	EndGlobalSection
EndGlobal
