
Microsoft Visual Studio Solution File, Format Version 12.00
# Visual Studio Version 17
VisualStudioVersion = 17.9.34902.65
MinimumVisualStudioVersion = 10.0.40219.1
Project("{FAE04EC0-301F-11D3-BF4B-00C04F79EFBC}") = "Bai3_kieuSoNguyenSoThuc", "Bai3_kieuSoNguyenSoThuc.csproj", "{40A3CE0E-3648-4F23-9C6C-3C8458C81DBD}"
EndProject
Global
	GlobalSection(SolutionConfigurationPlatforms) = preSolution
		Debug|Any CPU = Debug|Any CPU
		Release|Any CPU = Release|Any CPU
	EndGlobalSection
	GlobalSection(ProjectConfigurationPlatforms) = postSolution
		{40A3CE0E-3648-4F23-9C6C-3C8458C81DBD}.Debug|Any CPU.ActiveCfg = Debug|Any CPU
		{40A3CE0E-3648-4F23-9C6C-3C8458C81DBD}.Debug|Any CPU.Build.0 = Debug|Any CPU
		{40A3CE0E-3648-4F23-9C6C-3C8458C81DBD}.Release|Any CPU.ActiveCfg = Release|Any CPU
		{40A3CE0E-3648-4F23-9C6C-3C8458C81DBD}.Release|Any CPU.Build.0 = Release|Any CPU
	EndGlobalSection
	GlobalSection(SolutionProperties) = preSolution
		HideSolutionNode = FALSE
	EndGlobalSection
	GlobalSection(ExtensibilityGlobals) = postSolution
		SolutionGuid = {3D76113C-E261-43E5-8391-0083987ED501}
	EndGlobalSection
EndGlobal
